
Microsoft Visual Studio Solution File, Format Version 12.00
# Visual Studio Version 16
VisualStudioVersion = 16.0.29806.167
MinimumVisualStudioVersion = 10.0.40219.1
Project("{8BC9CEB8-8B4A-11D0-8D11-00A0C91BC942}") = "COSC1430_Lab23", "COSC1430_Lab23.vcxproj", "{B6AF2DB6-1AD8-4224-8932-63DE5F6F948A}"
EndProject
Global
	GlobalSection(SolutionConfigurationPlatforms) = preSolution
		Debug|x64 = Debug|x64
		Debug|x86 = Debug|x86
		Release|x64 = Release|x64
		Release|x86 = Release|x86
	EndGlobalSection
	GlobalSection(ProjectConfigurationPlatforms) = postSolution
		{B6AF2DB6-1AD8-4224-8932-63DE5F6F948A}.Debug|x64.ActiveCfg = Debug|x64
		{B6AF2DB6-1AD8-4224-8932-63DE5F6F948A}.Debug|x64.Build.0 = Debug|x64
		{B6AF2DB6-1AD8-4224-8932-63DE5F6F948A}.Debug|x86.ActiveCfg = Debug|Win32
		{B6AF2DB6-1AD8-4224-8932-63DE5F6F948A}.Debug|x86.Build.0 = Debug|Win32
		{B6AF2DB6-1AD8-4224-8932-63DE5F6F948A}.Release|x64.ActiveCfg = Release|x64
		{B6AF2DB6-1AD8-4224-8932-63DE5F6F948A}.Release|x64.Build.0 = Release|x64
		{B6AF2DB6-1AD8-4224-8932-63DE5F6F948A}.Release|x86.ActiveCfg = Release|Win32
		{B6AF2DB6-1AD8-4224-8932-63DE5F6F948A}.Release|x86.Build.0 = Release|Win32
	EndGlobalSection
	GlobalSection(SolutionProperties) = preSolution
		HideSolutionNode = FALSE
	EndGlobalSection
	GlobalSection(ExtensibilityGlobals) = postSolution
		SolutionGuid = {74C89A8E-0B4A-49B7-A544-E39504A19EA2}
	EndGlobalSection
EndGlobal
